
Microsoft Visual Studio Solution File, Format Version 12.00
# Visual Studio Version 17
VisualStudioVersion = 17.5.33414.496
MinimumVisualStudioVersion = 10.0.40219.1
Project("{2150E333-8FDC-42A3-9474-1A3956D46DE8}") = "src", "src", "{6B684F92-D5C3-4ED3-B755-398BB7AF236E}"
	ProjectSection(SolutionItems) = preProject
		docker-compose.yml = docker-compose.yml
	EndProjectSection
EndProject
Project("{2150E333-8FDC-42A3-9474-1A3956D46DE8}") = "Presentation", "Presentation", "{DEABC1AB-C687-411B-997D-24E6F7C3961C}"
EndProject
Project("{2150E333-8FDC-42A3-9474-1A3956D46DE8}") = "Infrastructure", "Infrastructure", "{14DAD366-CC37-4B12-ADEA-B715FAAEA1FB}"
EndProject
Project("{2150E333-8FDC-42A3-9474-1A3956D46DE8}") = "Core", "Core", "{6FF9C40D-3B8D-4B56-8946-272F2E5AFC70}"
EndProject
Project("{9A19103F-16F7-4668-BE54-9A1E7A4F7556}") = "WebAPI", "WebAPI\WebAPI.csproj", "{30C8DA2D-44A8-442D-8500-27CAFBC3C83A}"
EndProject
Project("{9A19103F-16F7-4668-BE54-9A1E7A4F7556}") = "Persistence", "Persistence\Persistence.csproj", "{BAC21842-9A29-4C33-AA77-7C4CA331D967}"
EndProject
Project("{9A19103F-16F7-4668-BE54-9A1E7A4F7556}") = "Domain", "Domain\Domain.csproj", "{0E7B1F20-1532-424E-974B-F741A279ECCA}"
EndProject
Project("{9A19103F-16F7-4668-BE54-9A1E7A4F7556}") = "Application", "Application\Application.csproj", "{3438432C-CFA9-4AB2-B713-2FE2D4227F00}"
EndProject
Project("{9A19103F-16F7-4668-BE54-9A1E7A4F7556}") = "Service", "Service\Service.csproj", "{5BFE5636-6F45-44DF-BDCF-1483CEB3064D}"
EndProject
Project("{9A19103F-16F7-4668-BE54-9A1E7A4F7556}") = "Consumer", "Consumer\Consumer.csproj", "{CED61C46-373C-4825-9F93-A905F90F6768}"
EndProject
Project("{FAE04EC0-301F-11D3-BF4B-00C04F79EFBC}") = "SignalR_Client", "SignalR_Client\SignalR_Client.csproj", "{E9464912-A2EC-4CAC-8E8E-9C5F05E70D67}"
EndProject
Global
	GlobalSection(SolutionConfigurationPlatforms) = preSolution
		Debug|Any CPU = Debug|Any CPU
		Release|Any CPU = Release|Any CPU
	EndGlobalSection
	GlobalSection(ProjectConfigurationPlatforms) = postSolution
		{30C8DA2D-44A8-442D-8500-27CAFBC3C83A}.Debug|Any CPU.ActiveCfg = Debug|Any CPU
		{30C8DA2D-44A8-442D-8500-27CAFBC3C83A}.Debug|Any CPU.Build.0 = Debug|Any CPU
		{30C8DA2D-44A8-442D-8500-27CAFBC3C83A}.Release|Any CPU.ActiveCfg = Release|Any CPU
		{30C8DA2D-44A8-442D-8500-27CAFBC3C83A}.Release|Any CPU.Build.0 = Release|Any CPU
		{BAC21842-9A29-4C33-AA77-7C4CA331D967}.Debug|Any CPU.ActiveCfg = Debug|Any CPU
		{BAC21842-9A29-4C33-AA77-7C4CA331D967}.Debug|Any CPU.Build.0 = Debug|Any CPU
		{BAC21842-9A29-4C33-AA77-7C4CA331D967}.Release|Any CPU.ActiveCfg = Release|Any CPU
		{BAC21842-9A29-4C33-AA77-7C4CA331D967}.Release|Any CPU.Build.0 = Release|Any CPU
		{0E7B1F20-1532-424E-974B-F741A279ECCA}.Debug|Any CPU.ActiveCfg = Debug|Any CPU
		{0E7B1F20-1532-424E-974B-F741A279ECCA}.Debug|Any CPU.Build.0 = Debug|Any CPU
		{0E7B1F20-1532-424E-974B-F741A279ECCA}.Release|Any CPU.ActiveCfg = Release|Any CPU
		{0E7B1F20-1532-424E-974B-F741A279ECCA}.Release|Any CPU.Build.0 = Release|Any CPU
		{3438432C-CFA9-4AB2-B713-2FE2D4227F00}.Debug|Any CPU.ActiveCfg = Debug|Any CPU
		{3438432C-CFA9-4AB2-B713-2FE2D4227F00}.Debug|Any CPU.Build.0 = Debug|Any CPU
		{3438432C-CFA9-4AB2-B713-2FE2D4227F00}.Release|Any CPU.ActiveCfg = Release|Any CPU
		{3438432C-CFA9-4AB2-B713-2FE2D4227F00}.Release|Any CPU.Build.0 = Release|Any CPU
		{5BFE5636-6F45-44DF-BDCF-1483CEB3064D}.Debug|Any CPU.ActiveCfg = Debug|Any CPU
		{5BFE5636-6F45-44DF-BDCF-1483CEB3064D}.Debug|Any CPU.Build.0 = Debug|Any CPU
		{5BFE5636-6F45-44DF-BDCF-1483CEB3064D}.Release|Any CPU.ActiveCfg = Release|Any CPU
		{5BFE5636-6F45-44DF-BDCF-1483CEB3064D}.Release|Any CPU.Build.0 = Release|Any CPU
		{CED61C46-373C-4825-9F93-A905F90F6768}.Debug|Any CPU.ActiveCfg = Debug|Any CPU
		{CED61C46-373C-4825-9F93-A905F90F6768}.Debug|Any CPU.Build.0 = Debug|Any CPU
		{CED61C46-373C-4825-9F93-A905F90F6768}.Release|Any CPU.ActiveCfg = Release|Any CPU
		{CED61C46-373C-4825-9F93-A905F90F6768}.Release|Any CPU.Build.0 = Release|Any CPU
		{E9464912-A2EC-4CAC-8E8E-9C5F05E70D67}.Debug|Any CPU.ActiveCfg = Debug|Any CPU
		{E9464912-A2EC-4CAC-8E8E-9C5F05E70D67}.Debug|Any CPU.Build.0 = Debug|Any CPU
		{E9464912-A2EC-4CAC-8E8E-9C5F05E70D67}.Release|Any CPU.ActiveCfg = Release|Any CPU
		{E9464912-A2EC-4CAC-8E8E-9C5F05E70D67}.Release|Any CPU.Build.0 = Release|Any CPU
	EndGlobalSection
	GlobalSection(SolutionProperties) = preSolution
		HideSolutionNode = FALSE
	EndGlobalSection
	GlobalSection(NestedProjects) = preSolution
		{DEABC1AB-C687-411B-997D-24E6F7C3961C} = {6B684F92-D5C3-4ED3-B755-398BB7AF236E}
		{14DAD366-CC37-4B12-ADEA-B715FAAEA1FB} = {6B684F92-D5C3-4ED3-B755-398BB7AF236E}
		{6FF9C40D-3B8D-4B56-8946-272F2E5AFC70} = {6B684F92-D5C3-4ED3-B755-398BB7AF236E}
		{30C8DA2D-44A8-442D-8500-27CAFBC3C83A} = {DEABC1AB-C687-411B-997D-24E6F7C3961C}
		{BAC21842-9A29-4C33-AA77-7C4CA331D967} = {14DAD366-CC37-4B12-ADEA-B715FAAEA1FB}
		{0E7B1F20-1532-424E-974B-F741A279ECCA} = {6FF9C40D-3B8D-4B56-8946-272F2E5AFC70}
		{3438432C-CFA9-4AB2-B713-2FE2D4227F00} = {6FF9C40D-3B8D-4B56-8946-272F2E5AFC70}
		{5BFE5636-6F45-44DF-BDCF-1483CEB3064D} = {14DAD366-CC37-4B12-ADEA-B715FAAEA1FB}
		{CED61C46-373C-4825-9F93-A905F90F6768} = {DEABC1AB-C687-411B-997D-24E6F7C3961C}
		{E9464912-A2EC-4CAC-8E8E-9C5F05E70D67} = {DEABC1AB-C687-411B-997D-24E6F7C3961C}
	EndGlobalSection
	GlobalSection(ExtensibilityGlobals) = postSolution
		SolutionGuid = {5767A8DA-DEC3-442C-AE43-C59A15998B4D}
	EndGlobalSection
EndGlobal
